<?xml version="1.0" encoding="utf-8"?>
<Project ToolsVersion="4.0" xmlns="http://schemas.microsoft.com/developer/msbuild/2003">
  <ItemGroup>
    <Filter Include="Resource Files">
      <UniqueIdentifier>{67DA6AB6-F800-4c08-8B7A-83BB121AAD01}</UniqueIdentifier>
      <Extensions>rc;ico;cur;bmp;dlg;rc2;rct;bin;rgs;gif;jpg;jpeg;jpe;resx;tiff;tif;png;wav;mfcribbon-ms</Extensions>
    </Filter>
    <Filter Include="Engine">
      <UniqueIdentifier>{66ad4525-7ca8-4162-afe0-50fddfa8f806}</UniqueIdentifier>
    </Filter>
    <Filter Include="NPC">
      <UniqueIdentifier>{1c5ae15c-4a66-4d6c-9eef-212b7b5327e1}</UniqueIdentifier>
    </Filter>
    <Filter Include="Consumable">
      <UniqueIdentifier>{b5250219-88b4-4019-a53e-7551844911a0}</UniqueIdentifier>
    </Filter>
    <Filter Include="Player">
      <UniqueIdentifier>{4d942b99-116f-4d6b-a4c5-a08e80961d85}</UniqueIdentifier>
    </Filter>
    <Filter Include="Map">
      <UniqueIdentifier>{c30a9e30-ed3e-4c70-b4d6-c5688d8c058d}</UniqueIdentifier>
    </Filter>
    <Filter Include="Interface">
      <UniqueIdentifier>{ae385857-2f4c-4c9f-ad00-2c12c6b1ee11}</UniqueIdentifier>
    </Filter>
    <Filter Include="Map\Interactable">
      <UniqueIdentifier>{fbcd65ca-fc46-42fe-9548-d370c3cab393}</UniqueIdentifier>
    </Filter>
    <Filter Include="Map\Non-interactable">
      <UniqueIdentifier>{58c5caae-7638-4129-ba7c-969c25fb327a}</UniqueIdentifier>
    </Filter>
    <Filter Include="Map\Interactable\Functional">
      <UniqueIdentifier>{fdc62d59-49eb-417c-8e82-32eb5edb6133}</UniqueIdentifier>
    </Filter>
    <Filter Include="Map\Interactable\Non-functional">
      <UniqueIdentifier>{a3f79a41-6285-4ddb-abe1-858789d496b0}</UniqueIdentifier>
    </Filter>
  </ItemGroup>
  <ItemGroup>
    <None Include="packages.config" />
  </ItemGroup>
  <ItemGroup>
    <ClCompile Include="Animation.cpp">
      <Filter>Engine</Filter>
    </ClCompile>
    <ClCompile Include="Animations.cpp">
      <Filter>Engine</Filter>
    </ClCompile>
    <ClCompile Include="Collision.cpp">
      <Filter>Engine</Filter>
    </ClCompile>
    <ClCompile Include="Game.cpp">
      <Filter>Engine</Filter>
    </ClCompile>
    <ClCompile Include="SampleKeyEventHandler.cpp">
      <Filter>Engine</Filter>
    </ClCompile>
    <ClCompile Include="Sprite.cpp">
      <Filter>Engine</Filter>
    </ClCompile>
    <ClCompile Include="Sprites.cpp">
      <Filter>Engine</Filter>
    </ClCompile>
    <ClCompile Include="Textures.cpp">
      <Filter>Engine</Filter>
    </ClCompile>
    <ClCompile Include="Utils.cpp">
      <Filter>Engine</Filter>
    </ClCompile>
    <ClCompile Include="debug.cpp">
      <Filter>Engine</Filter>
    </ClCompile>
    <ClCompile Include="Goomba.cpp">
      <Filter>NPC</Filter>
    </ClCompile>
    <ClCompile Include="Mushroom.cpp">
      <Filter>Consumable</Filter>
    </ClCompile>
    <ClCompile Include="Coin.cpp">
      <Filter>Consumable</Filter>
    </ClCompile>
    <ClCompile Include="Mario.cpp">
      <Filter>Player</Filter>
    </ClCompile>
    <ClCompile Include="PlayScene.cpp">
      <Filter>Engine</Filter>
    </ClCompile>
    <ClCompile Include="GameObject.cpp">
      <Filter>Engine</Filter>
    </ClCompile>
    <ClCompile Include="Background.cpp">
      <Filter>Map\Non-interactable</Filter>
    </ClCompile>
    <ClCompile Include="BackgroundCloud.cpp">
      <Filter>Map\Non-interactable</Filter>
    </ClCompile>
    <ClCompile Include="QuestionBlock.cpp">
      <Filter>Map\Interactable\Functional</Filter>
    </ClCompile>
    <ClCompile Include="Portal.cpp">
      <Filter>Map\Interactable\Functional</Filter>
    </ClCompile>
    <ClCompile Include="BlockPlatform.cpp">
      <Filter>Map\Interactable\Non-functional</Filter>
    </ClCompile>
    <ClCompile Include="Brick.cpp">
      <Filter>Map\Interactable\Non-functional</Filter>
    </ClCompile>
    <ClCompile Include="Platform.cpp">
      <Filter>Map\Interactable\Non-functional</Filter>
    </ClCompile>
    <ClCompile Include="SideCollidablePlatform.cpp">
      <Filter>Map\Interactable\Non-functional</Filter>
    </ClCompile>
    <ClCompile Include="BouncingCoin.cpp">
      <Filter>Map\Interactable\Functional</Filter>
    </ClCompile>
    <ClCompile Include="FlyingScore.cpp">
      <Filter>Map\Interactable\Functional</Filter>
    </ClCompile>
    <ClCompile Include="main.cpp" />
    <ClCompile Include="Box.cpp">
      <Filter>Map\Interactable\Non-functional</Filter>
    </ClCompile>
    <ClCompile Include="Koopa.cpp">
      <Filter>NPC</Filter>
    </ClCompile>
  </ItemGroup>
  <ItemGroup>
    <ClInclude Include="Sprite.h">
      <Filter>Engine</Filter>
    </ClInclude>
    <ClInclude Include="Sprites.h">
      <Filter>Engine</Filter>
    </ClInclude>
    <ClInclude Include="Scene.h">
      <Filter>Engine</Filter>
    </ClInclude>
    <ClInclude Include="SampleKeyEventHandler.h">
      <Filter>Engine</Filter>
    </ClInclude>
    <ClInclude Include="PlayScene.h">
      <Filter>Engine</Filter>
    </ClInclude>
    <ClInclude Include="KeyEventHandler.h">
      <Filter>Engine</Filter>
    </ClInclude>
    <ClInclude Include="Animation.h">
      <Filter>Engine</Filter>
    </ClInclude>
    <ClInclude Include="AnimationFrame.h">
      <Filter>Engine</Filter>
    </ClInclude>
    <ClInclude Include="Animations.h">
      <Filter>Engine</Filter>
    </ClInclude>
    <ClInclude Include="Collision.h">
      <Filter>Engine</Filter>
    </ClInclude>
    <ClInclude Include="Texture.h">
      <Filter>Engine</Filter>
    </ClInclude>
    <ClInclude Include="Textures.h">
      <Filter>Engine</Filter>
    </ClInclude>
    <ClInclude Include="debug.h">
      <Filter>Engine</Filter>
    </ClInclude>
    <ClInclude Include="Game.h">
      <Filter>Engine</Filter>
    </ClInclude>
    <ClInclude Include="Utils.h">
      <Filter>Engine</Filter>
    </ClInclude>
    <ClInclude Include="Goomba.h">
      <Filter>NPC</Filter>
    </ClInclude>
    <ClInclude Include="Mushroom.h">
      <Filter>Consumable</Filter>
    </ClInclude>
    <ClInclude Include="Coin.h">
      <Filter>Consumable</Filter>
    </ClInclude>
    <ClInclude Include="Mario.h">
      <Filter>Player</Filter>
    </ClInclude>
    <ClInclude Include="GameObject.h">
      <Filter>Engine</Filter>
    </ClInclude>
    <ClInclude Include="Moveable.h">
      <Filter>Interface</Filter>
    </ClInclude>
    <ClInclude Include="Background.h">
      <Filter>Map\Non-interactable</Filter>
    </ClInclude>
    <ClInclude Include="BackgroundCloud.h">
      <Filter>Map\Non-interactable</Filter>
    </ClInclude>
    <ClInclude Include="QuestionBlock.h">
      <Filter>Map\Interactable\Functional</Filter>
    </ClInclude>
    <ClInclude Include="Portal.h">
      <Filter>Map\Interactable\Functional</Filter>
    </ClInclude>
    <ClInclude Include="BlockPlatform.h">
      <Filter>Map\Interactable\Non-functional</Filter>
    </ClInclude>
    <ClInclude Include="Brick.h">
      <Filter>Map\Interactable\Non-functional</Filter>
    </ClInclude>
    <ClInclude Include="Platform.h">
      <Filter>Map\Interactable\Non-functional</Filter>
    </ClInclude>
    <ClInclude Include="SideCollidablePlatform.h">
      <Filter>Map\Interactable\Non-functional</Filter>
    </ClInclude>
    <ClInclude Include="BouncingCoin.h">
      <Filter>Map\Interactable\Functional</Filter>
    </ClInclude>
    <ClInclude Include="FlyingScore.h">
      <Filter>Map\Interactable\Functional</Filter>
    </ClInclude>
    <ClInclude Include="AssetIDs.h">
      <Filter>Engine</Filter>
    </ClInclude>
    <ClInclude Include="Box.h">
      <Filter>Map\Interactable\Non-functional</Filter>
    </ClInclude>
    <ClInclude Include="DeltaTimer.h">
      <Filter>Engine</Filter>
    </ClInclude>
    <ClInclude Include="Koopa.h">
      <Filter>NPC</Filter>
    </ClInclude>
  </ItemGroup>
</Project>